{
  "nodes": {
    "logos-cpp-sdk": {
      "inputs": {
        "logos-lidl": "logos-lidl",
        "logos-nix": [
          "logos-nix"
        ],
        "logos-protocol": "logos-protocol",
        "nixpkgs": [
          "logos-cpp-sdk",
          "logos-nix",
          "nixpkgs"
        ]
      },
      "locked": {
        "lastModified": 1782492700,
        "narHash": "sha256-Cfu9C6wMubyWTDLEh738rfCt3CuI91BZNWLj2GfTXAY=",
        "owner": "logos-co",
        "repo": "logos-cpp-sdk",
        "rev": "350a2891e60a40aba93f273d85e8accb4803ac29",
        "type": "github"
      },
      "original": {
        "owner": "logos-co",
        "repo": "logos-cpp-sdk",
        "type": "github"
      }
    },
    "logos-lidl": {
      "inputs": {
        "logos-nix": [
          "logos-cpp-sdk",
          "logos-nix"
        ],
        "nixpkgs": [
          "logos-cpp-sdk",
          "logos-lidl",
          "logos-nix",
          "nixpkgs"
        ]
      },
      "locked": {
        "lastModified": 1781653473,
        "narHash": "sha256-8l2tE2K5nY1grcFROQHC1By1jVI0NrfkS3k2v2y6R2I=",
        "owner": "logos-co",
        "repo": "logos-lidl",
        "rev": "8c95d4f0cc6a10195c70ed71e85b7a4cddca02f8",
        "type": "github"
      },
      "original": {
        "owner": "logos-co",
        "repo": "logos-lidl",
        "type": "github"
      }
    },
    "logos-lidl_2": {
      "inputs": {
        "logos-nix": [
          "logos-qt-sdk",
          "logos-nix"
        ],
        "nixpkgs": [
          "logos-qt-sdk",
          "logos-lidl",
          "logos-nix",
          "nixpkgs"
        ]
      },
      "locked": {
        "lastModified": 1781653473,
        "narHash": "sha256-8l2tE2K5nY1grcFROQHC1By1jVI0NrfkS3k2v2y6R2I=",
        "owner": "logos-co",
        "repo": "logos-lidl",
        "rev": "8c95d4f0cc6a10195c70ed71e85b7a4cddca02f8",
        "type": "github"
      },
      "original": {
        "owner": "logos-co",
        "repo": "logos-lidl",
        "type": "github"
      }
    },
    "logos-nix": {
      "inputs": {
        "nixpkgs": "nixpkgs"
      },
      "locked": {
        "lastModified": 1774455309,
        "narHash": "sha256-3AN7aFnArdysrbQQ2UskWzjNSFADb4hDCsnx69Fa0ng=",
        "owner": "logos-co",
        "repo": "logos-nix",
        "rev": "e637a1f5e871244d1c2df1e3c52a067f2eb406f2",
        "type": "github"
      },
      "original": {
        "owner": "logos-co",
        "repo": "logos-nix",
        "type": "github"
      }
    },
    "logos-protocol": {
      "inputs": {
        "logos-nix": [
          "logos-cpp-sdk",
          "logos-nix"
        ],
        "nixpkgs": [
          "logos-cpp-sdk",
          "logos-protocol",
          "logos-nix",
          "nixpkgs"
        ]
      },
      "locked": {
        "lastModified": 1782490644,
        "narHash": "sha256-IRHFIBa/+a10tVNEexm6DDZ0JPF8YQgUbxWoNwIytt4=",
        "owner": "logos-co",
        "repo": "logos-protocol",
        "rev": "d5d58e7e230768505c683150f651358612abd442",
        "type": "github"
      },
      "original": {
        "owner": "logos-co",
        "repo": "logos-protocol",
        "type": "github"
      }
    },
    "logos-protocol_2": {
      "inputs": {
        "logos-nix": [
          "logos-nix"
        ],
        "nixpkgs": [
          "nixpkgs"
        ]
      },
      "locked": {
        "lastModified": 1786381943,
        "narHash": "sha256-/EsIMBCNs3BvssVP/lImCFjEar++cAtusMT7KSoe4VU=",
        "owner": "logos-co",
        "repo": "logos-protocol",
        "rev": "0183e8c26aa3e98ed3603258f2f640385bf61954",
        "type": "github"
      },
      "original": {
        "owner": "logos-co",
        "repo": "logos-protocol",
        "type": "github"
      }
    },
    "logos-qt-sdk": {
      "inputs": {
        "logos-cpp-sdk": [
          "logos-cpp-sdk"
        ],
        "logos-lidl": "logos-lidl_2",
        "logos-nix": [
          "logos-nix"
        ],
        "logos-protocol": [
          "logos-protocol"
        ],
        "nixpkgs": [
          "nixpkgs"
        ]
      },
      "locked": {
        "lastModified": 1782493580,
        "narHash": "sha256-n0WnqIAejwE/GVb3qSFTiVVwOp/dyjSgfhPGg15YgOA=",
        "owner": "logos-co",
        "repo": "logos-qt-sdk",
        "rev": "6c9a0de131fee6a0fa2edff924913bb76caf0316",
        "type": "github"
      },
      "original": {
        "owner": "logos-co",
        "repo": "logos-qt-sdk",
        "type": "github"
      }
    },
    "nixpkgs": {
      "locked": {
        "lastModified": 1759036355,
        "narHash": "sha256-0m27AKv6ka+q270dw48KflE0LwQYrO7Fm4/2//KCVWg=",
        "owner": "NixOS",
        "repo": "nixpkgs",
        "rev": "e9f00bd893984bc8ce46c895c3bf7cac95331127",
        "type": "github"
      },
      "original": {
        "owner": "NixOS",
        "ref": "nixos-unstable",
        "repo": "nixpkgs",
        "type": "github"
      }
    },
    "root": {
      "inputs": {
        "logos-cpp-sdk": "logos-cpp-sdk",
        "logos-nix": "logos-nix",
        "logos-protocol": "logos-protocol_2",
        "logos-qt-sdk": "logos-qt-sdk",
        "nixpkgs": [
          "logos-nix",
          "nixpkgs"
        ]
      }
    }
  },
  "root": "root",
  "version": 7
}
